
Microsoft Visual Studio Solution File, Format Version 12.00
# Visual Studio Version 16
VisualStudioVersion = 16.0.31205.134
MinimumVisualStudioVersion = 10.0.40219.1
Project("{9A19103F-16F7-4668-BE54-9A1E7A4F7556}") = "SignalTest.MVC", "SignalTest.MVC\SignalTest.MVC.csproj", "{08CA6260-7479-4E5F-8709-314BF6FA76C6}"
EndProject
Project("{9A19103F-16F7-4668-BE54-9A1E7A4F7556}") = "SignalTest.Infra.Notification", "SignalTest.Notification\SignalTest.Infra.Notification.csproj", "{D73E3F65-3E24-4190-9D13-0F8E235FE4B6}"
EndProject
Project("{2150E333-8FDC-42A3-9474-1A3956D46DE8}") = "1-Application", "1-Application", "{07A4CDDA-86E7-46AF-B974-FAF4F9B98138}"
EndProject
Project("{2150E333-8FDC-42A3-9474-1A3956D46DE8}") = "2-Domain", "2-Domain", "{5D76D456-A0B2-489F-82CA-8FDB455499CD}"
EndProject
Project("{2150E333-8FDC-42A3-9474-1A3956D46DE8}") = "3-Infra", "3-Infra", "{C01221C8-ABC6-49DD-9684-233B3E5CD7A9}"
EndProject
Project("{9A19103F-16F7-4668-BE54-9A1E7A4F7556}") = "SignalTest.Domain", "SignalTest.Domain\SignalTest.Domain.csproj", "{B6AEEE28-7EB9-464A-A37D-68C73471A4E2}"
EndProject
Project("{9A19103F-16F7-4668-BE54-9A1E7A4F7556}") = "SignalTest.Infra.Data", "SignalTest.Data\SignalTest.Infra.Data.csproj", "{FBCDA924-2F63-4776-BF59-4F9150011662}"
EndProject
Global
	GlobalSection(SolutionConfigurationPlatforms) = preSolution
		Debug|Any CPU = Debug|Any CPU
		Release|Any CPU = Release|Any CPU
	EndGlobalSection
	GlobalSection(ProjectConfigurationPlatforms) = postSolution
		{08CA6260-7479-4E5F-8709-314BF6FA76C6}.Debug|Any CPU.ActiveCfg = Debug|Any CPU
		{08CA6260-7479-4E5F-8709-314BF6FA76C6}.Debug|Any CPU.Build.0 = Debug|Any CPU
		{08CA6260-7479-4E5F-8709-314BF6FA76C6}.Release|Any CPU.ActiveCfg = Release|Any CPU
		{08CA6260-7479-4E5F-8709-314BF6FA76C6}.Release|Any CPU.Build.0 = Release|Any CPU
		{D73E3F65-3E24-4190-9D13-0F8E235FE4B6}.Debug|Any CPU.ActiveCfg = Debug|Any CPU
		{D73E3F65-3E24-4190-9D13-0F8E235FE4B6}.Debug|Any CPU.Build.0 = Debug|Any CPU
		{D73E3F65-3E24-4190-9D13-0F8E235FE4B6}.Release|Any CPU.ActiveCfg = Release|Any CPU
		{D73E3F65-3E24-4190-9D13-0F8E235FE4B6}.Release|Any CPU.Build.0 = Release|Any CPU
		{B6AEEE28-7EB9-464A-A37D-68C73471A4E2}.Debug|Any CPU.ActiveCfg = Debug|Any CPU
		{B6AEEE28-7EB9-464A-A37D-68C73471A4E2}.Debug|Any CPU.Build.0 = Debug|Any CPU
		{B6AEEE28-7EB9-464A-A37D-68C73471A4E2}.Release|Any CPU.ActiveCfg = Release|Any CPU
		{B6AEEE28-7EB9-464A-A37D-68C73471A4E2}.Release|Any CPU.Build.0 = Release|Any CPU
		{FBCDA924-2F63-4776-BF59-4F9150011662}.Debug|Any CPU.ActiveCfg = Debug|Any CPU
		{FBCDA924-2F63-4776-BF59-4F9150011662}.Debug|Any CPU.Build.0 = Debug|Any CPU
		{FBCDA924-2F63-4776-BF59-4F9150011662}.Release|Any CPU.ActiveCfg = Release|Any CPU
		{FBCDA924-2F63-4776-BF59-4F9150011662}.Release|Any CPU.Build.0 = Release|Any CPU
	EndGlobalSection
	GlobalSection(SolutionProperties) = preSolution
		HideSolutionNode = FALSE
	EndGlobalSection
	GlobalSection(NestedProjects) = preSolution
		{08CA6260-7479-4E5F-8709-314BF6FA76C6} = {07A4CDDA-86E7-46AF-B974-FAF4F9B98138}
		{D73E3F65-3E24-4190-9D13-0F8E235FE4B6} = {C01221C8-ABC6-49DD-9684-233B3E5CD7A9}
		{B6AEEE28-7EB9-464A-A37D-68C73471A4E2} = {5D76D456-A0B2-489F-82CA-8FDB455499CD}
		{FBCDA924-2F63-4776-BF59-4F9150011662} = {C01221C8-ABC6-49DD-9684-233B3E5CD7A9}
	EndGlobalSection
	GlobalSection(ExtensibilityGlobals) = postSolution
		SolutionGuid = {767A30A4-412B-4030-B277-9A2F3766743D}
	EndGlobalSection
EndGlobal
